Microsoft Visual Studio Solution File, Format Version 11.00
# Visual Studio 2008

Project("{564BF730-A52E-D0B0-2FCC-72D7A6828CF8}") = "TouchCheck", "Assembly-CSharp.csproj", "{505A3FC9-F7F1-62CF-A1EB-075328B18C90}"
EndProject
Project("{564BF730-A52E-D0B0-2FCC-72D7A6828CF8}") = "TouchCheck", "Assembly-CSharp-Editor.csproj", "{5DDCA71C-BDAF-1C39-0979-B6325FE54E6F}"
EndProject
Global
	GlobalSection(SolutionConfigurationPlatforms) = preSolution
		Debug|Any CPU = Debug|Any CPU
		Release|Any CPU = Release|Any CPU
	EndGlobalSection
	GlobalSection(ProjectConfigurationPlatforms) = postSolution
		{505A3FC9-F7F1-62CF-A1EB-075328B18C90}.Debug|Any CPU.ActiveCfg = Debug|Any CPU
		{505A3FC9-F7F1-62CF-A1EB-075328B18C90}.Debug|Any CPU.Build.0 = Debug|Any CPU
		{505A3FC9-F7F1-62CF-A1EB-075328B18C90}.Release|Any CPU.ActiveCfg = Release|Any CPU
		{505A3FC9-F7F1-62CF-A1EB-075328B18C90}.Release|Any CPU.Build.0 = Release|Any CPU
		{5DDCA71C-BDAF-1C39-0979-B6325FE54E6F}.Debug|Any CPU.ActiveCfg = Debug|Any CPU
		{5DDCA71C-BDAF-1C39-0979-B6325FE54E6F}.Debug|Any CPU.Build.0 = Debug|Any CPU
		{5DDCA71C-BDAF-1C39-0979-B6325FE54E6F}.Release|Any CPU.ActiveCfg = Release|Any CPU
		{5DDCA71C-BDAF-1C39-0979-B6325FE54E6F}.Release|Any CPU.Build.0 = Release|Any CPU
	EndGlobalSection
	GlobalSection(SolutionProperties) = preSolution
		HideSolutionNode = FALSE
	EndGlobalSection
	GlobalSection(MonoDevelopProperties) = preSolution
		StartupItem = Assembly-CSharp.csproj
	EndGlobalSection
EndGlobal
